
Microsoft Visual Studio Solution File, Format Version 12.00
# Visual Studio Version 17
VisualStudioVersion = 17.10.34928.147
MinimumVisualStudioVersion = 10.0.40219.1
Project("{FAE04EC0-301F-11D3-BF4B-00C04F79EFBC}") = "projConstructeur", "projConstructeur\projConstructeur.csproj", "{669577E8-33A0-4AC3-8E3A-C3C7C49990C8}"
EndProject
Global
	GlobalSection(SolutionConfigurationPlatforms) = preSolution
		Debug|Any CPU = Debug|Any CPU
		Release|Any CPU = Release|Any CPU
	EndGlobalSection
	GlobalSection(ProjectConfigurationPlatforms) = postSolution
		{669577E8-33A0-4AC3-8E3A-C3C7C49990C8}.Debug|Any CPU.ActiveCfg = Debug|Any CPU
		{669577E8-33A0-4AC3-8E3A-C3C7C49990C8}.Debug|Any CPU.Build.0 = Debug|Any CPU
		{669577E8-33A0-4AC3-8E3A-C3C7C49990C8}.Release|Any CPU.ActiveCfg = Release|Any CPU
		{669577E8-33A0-4AC3-8E3A-C3C7C49990C8}.Release|Any CPU.Build.0 = Release|Any CPU
	EndGlobalSection
	GlobalSection(SolutionProperties) = preSolution
		HideSolutionNode = FALSE
	EndGlobalSection
	GlobalSection(ExtensibilityGlobals) = postSolution
		SolutionGuid = {148602F8-AEEB-4B99-A648-B7B75BB1BD11}
	EndGlobalSection
EndGlobal
